// !$*UTF8*$!
{
	archiveVersion = 1;
	classes = {
	};
	objectVersion = 46;
	objects = {

/* Begin PBXBuildFile section */
		56D90B021BF4E09400AB3274 /* main.c in Sources */ = {isa = PBXBuildFile; fileRef = 56D90B011BF4E09400AB3274 /* main.c */; };
		56D90B091BF4E2D000AB3274 /* lpc.c in Sources */ = {isa = PBXBuildFile; fileRef = 56D90B081BF4E2D000AB3274 /* lpc.c */; };
/* End PBXBuildFile section */

/* Begin PBXCopyFilesBuildPhase section */
		56D90AFC1BF4E09400AB3274 /* CopyFiles */ = {
			isa = PBXCopyFilesBuildPhase;
			buildActionMask = 2147483647;
			dstPath = /usr/share/man/man1/;
			dstSubfolderSpec = 0;
			files = (
			);
			runOnlyForDeploymentPostprocessing = 1;
		};
/* End PBXCopyFilesBuildPhase section */

/* Begin PBXFileReference section */
		56D90AFE1BF4E09400AB3274 /* lpc */ = {isa = PBXFileReference; explicitFileType = "compiled.mach-o.executable"; includeInIndex = 0; path = lpc; sourceTree = BUILT_PRODUCTS_DIR; };
		56D90B011BF4E09400AB3274 /* main.c */ = {isa = PBXFileReference; lastKnownFileType = sourcecode.c.c; path = main.c; sourceTree = "<group>"; };
		56D90B081BF4E2D000AB3274 /* lpc.c */ = {isa = PBXFileReference; fileEncoding = 4; lastKnownFileType = sourcecode.c.c; path = lpc.c; sourceTree = "<group>"; };
		56D90B0A1BF4E4D100AB3274 /* lpc.h */ = {isa = PBXFileReference; lastKnownFileType = sourcecode.c.h; path = lpc.h; sourceTree = "<group>"; };
/* End PBXFileReference section */

/* Begin PBXFrameworksBuildPhase section */
		56D90AFB1BF4E09400AB3274 /* Frameworks */ = {
			isa = PBXFrameworksBuildPhase;
			buildActionMask = 2147483647;
			files = (
			);
			runOnlyForDeploymentPostprocessing = 0;
		};
/* End PBXFrameworksBuildPhase section */

/* Begin PBXGroup section */
		56D90AF51BF4E09400AB3274 = {
			isa = PBXGroup;
			children = (
				56D90B001BF4E09400AB3274 /* lpc */,
				56D90AFF1BF4E09400AB3274 /* Products */,
			);
			sourceTree = "<group>";
		};
		56D90AFF1BF4E09400AB3274 /* Products */ = {
			isa = PBXGroup;
			children = (
				56D90AFE1BF4E09400AB3274 /* lpc */,
			);
			name = Products;
			sourceTree = "<group>";
		};
		56D90B001BF4E09400AB3274 /* lpc */ = {
			isa = PBXGroup;
			children = (
				56D90B081BF4E2D000AB3274 /* lpc.c */,
				56D90B011BF4E09400AB3274 /* main.c */,
				56D90B0A1BF4E4D100AB3274 /* lpc.h */,
			);
			path = lpc;
			sourceTree = "<group>";
		};
/* End PBXGroup section */

/* Begin PBXNativeTarget section */
		56D90AFD1BF4E09400AB3274 /* lpc */ = {
			isa = PBXNativeTarget;
			buildConfigurationList = 56D90B051BF4E09400AB3274 /* Build configuration list for PBXNativeTarget "lpc" */;
			buildPhases = (
				56D90AFA1BF4E09400AB3274 /* Sources */,
				56D90AFB1BF4E09400AB3274 /* Frameworks */,
				56D90AFC1BF4E09400AB3274 /* CopyFiles */,
			);
			buildRules = (
			);
			dependencies = (
			);
			name = lpc;
			productName = lpc;
			productReference = 56D90AFE1BF4E09400AB3274 /* lpc */;
			productType = "com.apple.product-type.tool";
		};
/* End PBXNativeTarget section */

/* Begin PBXProject section */
		56D90AF61BF4E09400AB3274 /* Project object */ = {
			isa = PBXProject;
			attributes = {
				LastUpgradeCheck = 0710;
				ORGANIZATIONNAME = ZhaoYue;
				TargetAttributes = {
					56D90AFD1BF4E09400AB3274 = {
						CreatedOnToolsVersion = 7.1;
					};
				};
			};
			buildConfigurationList = 56D90AF91BF4E09400AB3274 /* Build configuration list for PBXProject "lpc" */;
			compatibilityVersion = "Xcode 3.2";
			developmentRegion = English;
			hasScannedForEncodings = 0;
			knownRegions = (
				en,
			);
			mainGroup = 56D90AF51BF4E09400AB3274;
			productRefGroup = 56D90AFF1BF4E09400AB3274 /* Products */;
			projectDirPath = "";
			projectRoot = "";
			targets = (
				56D90AFD1BF4E09400AB3274 /* lpc */,
			);
		};
/* End PBXProject section */

/* Begin PBXSourcesBuildPhase section */
		56D90AFA1BF4E09400AB3274 /* Sources */ = {
			isa = PBXSourcesBuildPhase;
			buildActionMask = 2147483647;
			files = (
				56D90B021BF4E09400AB3274 /* main.c in Sources */,
				56D90B091BF4E2D000AB3274 /* lpc.c in Sources */,
			);
			runOnlyForDeploymentPostprocessing = 0;
		};
/* End PBXSourcesBuildPhase section */

/* Begin XCBuildConfiguration section */
		56D90B031BF4E09400AB3274 /* Debug */ = {
			isa = XCBuildConfiguration;
			buildSettings = {
				ALWAYS_SEARCH_USER_PATHS = NO;
				CLANG_CXX_LANGUAGE_STANDARD = "gnu++0x";
				CLANG_CXX_LIBRARY = "libc++";
				CLANG_ENABLE_MODULES = YES;
				CLANG_ENABLE_OBJC_ARC = YES;
				CLANG_WARN_BOOL_CONVERSION = YES;
				CLANG_WARN_CONSTANT_CONVERSION = YES;
				CLANG_WARN_DIRECT_OBJC_ISA_USAGE = YES_ERROR;
				CLANG_WARN_EMPTY_BODY = YES;
				CLANG_WARN_ENUM_CONVERSION = YES;
				CLANG_WARN_INT_CONVERSION = YES;
				CLANG_WARN_OBJC_ROOT_CLASS = YES_ERROR;
				CLANG_WARN_UNREACHABLE_CODE = YES;
				CLANG_WARN__DUPLICATE_METHOD_MATCH = YES;
				CODE_SIGN_IDENTITY = "-";
				COPY_PHASE_STRIP = NO;
				DEBUG_INFORMATION_FORMAT = dwarf;
				ENABLE_STRICT_OBJC_MSGSEND = YES;
				ENABLE_TESTABILITY = YES;
				GCC_C_LANGUAGE_STANDARD = gnu99;
				GCC_DYNAMIC_NO_PIC = NO;
				GCC_NO_COMMON_BLOCKS = YES;
				GCC_OPTIMIZATION_LEVEL = 0;
				GCC_PREPROCESSOR_DEFINITIONS = (
					"DEBUG=1",
					"$(inherited)",
				);
				GCC_WARN_64_TO_32_BIT_CONVERSION = YES;
				GCC_WARN_ABOUT_RETURN_TYPE = YES_ERROR;
				GCC_WARN_UNDECLARED_SELECTOR = YES;
				GCC_WARN_UNINITIALIZED_AUTOS = YES_AGGRESSIVE;
				GCC_WARN_UNUSED_FUNCTION = YES;
				GCC_WARN_UNUSED_VARIABLE = YES;
				MACOSX_DEPLOYMENT_TARGET = 10.10;
				MTL_ENABLE_DEBUG_INFO = YES;
				ONLY_ACTIVE_ARCH = YES;
				SDKROOT = macosx;
			};
			name = Debug;
		};
		56D90B041BF4E09400AB3274 /* Release */ = {
			isa = XCBuildConfiguration;
			buildSettings = {
				ALWAYS_SEARCH_USER_PATHS = NO;
				CLANG_CXX_LANGUAGE_STANDARD = "gnu++0x";
				CLANG_CXX_LIBRARY = "libc++";
				CLANG_ENABLE_MODULES = YES;
				CLANG_ENABLE_OBJC_ARC = YES;
				CLANG_WARN_BOOL_CONVERSION = YES;
				CLANG_WARN_CONSTANT_CONVERSION = YES;
				CLANG_WARN_DIRECT_OBJC_ISA_USAGE = YES_ERROR;
				CLANG_WARN_EMPTY_BODY = YES;
				CLANG_WARN_ENUM_CONVERSION = YES;
				CLANG_WARN_INT_CONVERSION = YES;
				CLANG_WARN_OBJC_ROOT_CLASS = YES_ERROR;
				CLANG_WARN_UNREACHABLE_CODE = YES;
				CLANG_WARN__DUPLICATE_METHOD_MATCH = YES;
				CODE_SIGN_IDENTITY = "-";
				COPY_PHASE_STRIP = NO;
				DEBUG_INFORMATION_FORMAT = "dwarf-with-dsym";
				ENABLE_NS_ASSERTIONS = NO;
				ENABLE_STRICT_OBJC_MSGSEND = YES;
				GCC_C_LANGUAGE_STANDARD = gnu99;
				GCC_NO_COMMON_BLOCKS = YES;
				GCC_WARN_64_TO_32_BIT_CONVERSION = YES;
				GCC_WARN_ABOUT_RETURN_TYPE = YES_ERROR;
				GCC_WARN_UNDECLARED_SELECTOR = YES;
				GCC_WARN_UNINITIALIZED_AUTOS = YES_AGGRESSIVE;
				GCC_WARN_UNUSED_FUNCTION = YES;
				GCC_WARN_UNUSED_VARIABLE = YES;
				MACOSX_DEPLOYMENT_TARGET = 10.10;
				MTL_ENABLE_DEBUG_INFO = NO;
				SDKROOT = macosx;
			};
			name = Release;
		};
		56D90B061BF4E09400AB3274 /* Debug */ = {
			isa = XCBuildConfiguration;
			buildSettings = {
				PRODUCT_NAME = "$(TARGET_NAME)";
			};
			name = Debug;
		};
		56D90B071BF4E09400AB3274 /* Release */ = {
			isa = XCBuildConfiguration;
			buildSettings = {
				PRODUCT_NAME = "$(TARGET_NAME)";
			};
			name = Release;
		};
/* End XCBuildConfiguration section */

/* Begin XCConfigurationList section */
		56D90AF91BF4E09400AB3274 /* Build configuration list for PBXProject "lpc" */ = {
			isa = XCConfigurationList;
			buildConfigurations = (
				56D90B031BF4E09400AB3274 /* Debug */,
				56D90B041BF4E09400AB3274 /* Release */,
			);
			defaultConfigurationIsVisible = 0;
			defaultConfigurationName = Release;
		};
		56D90B051BF4E09400AB3274 /* Build configuration list for PBXNativeTarget "lpc" */ = {
			isa = XCConfigurationList;
			buildConfigurations = (
				56D90B061BF4E09400AB3274 /* Debug */,
				56D90B071BF4E09400AB3274 /* Release */,
			);
			defaultConfigurationIsVisible = 0;
		};
/* End XCConfigurationList section */
	};
	rootObject = 56D90AF61BF4E09400AB3274 /* Project object */;
}
